
Microsoft Visual Studio Solution File, Format Version 12.00
# Visual Studio 2012
Project("{8BC9CEB8-8B4A-11D0-8D11-00A0C91BC942}") = "Amuzement Maze", "Amuzement Maze\Amuzement Maze.vcxproj", "{F52AD9EA-0130-4654-B1AD-1D6552073657}"
EndProject
Global
	GlobalSection(SolutionConfigurationPlatforms) = preSolution
		Debug|Win32 = Debug|Win32
		Release|Win32 = Release|Win32
	EndGlobalSection
	GlobalSection(ProjectConfigurationPlatforms) = postSolution
		{F52AD9EA-0130-4654-B1AD-1D6552073657}.Debug|Win32.ActiveCfg = Debug|Win32
		{F52AD9EA-0130-4654-B1AD-1D6552073657}.Debug|Win32.Build.0 = Debug|Win32
		{F52AD9EA-0130-4654-B1AD-1D6552073657}.Release|Win32.ActiveCfg = Release|Win32
		{F52AD9EA-0130-4654-B1AD-1D6552073657}.Release|Win32.Build.0 = Release|Win32
	EndGlobalSection
	GlobalSection(SolutionProperties) = preSolution
		HideSolutionNode = FALSE
	EndGlobalSection
EndGlobal
